{
  "name": "anki-overdrive-sdk",
  "version": "1.0.2",
  "lockfileVersion": 1,
  "requires": true,
  "dependencies": {
    "async-wait-until": {
      "version": "1.2.4",
      "resolved": "https://registry.npmjs.org/async-wait-until/-/async-wait-until-1.2.4.tgz",
      "integrity": "sha512-H7ZR3cu1THxrJiDgevu+PgbyT0o5P/9nsCZj70ckruJCMWt/UOQmGo65wKWvEQN69MJk140x5/Z01ZQjzfwyOw=="
    }
  }
}
