# THIS IS AN AUTOGENERATED FILE. DO NOT EDIT THIS FILE DIRECTLY.
# yarn lockfile v1


"@abandonware/noble@^1.9.2-15":
  "integrity" "sha512-qD9NN5fzvbtHdWYFPDzxY2AveILvDSRX/PTdL0V+CUfyF70ggIJtLBc1WW1hbVMIpu8rZylYgrK+PUEBwIpjCg=="
  "resolved" "https://registry.npmjs.org/@abandonware/noble/-/noble-1.9.2-15.tgz"
  "version" "1.9.2-15"
  dependencies:
    "debug" "^4.3.1"
    "node-addon-api" "^3.2.0"
  optionalDependencies:
    "@abandonware/bluetooth-hci-socket" "^0.5.3-8"

"async-wait-until@^1.2.6":
  "integrity" "sha512-7I1zd0bnMEo7WfLfDoLZp+iPYKv/dl7kcW8wphazZn+BAElTGvtkDuQuonr480JzkS7f42VcGyP90mk3+3IfWA=="
  "resolved" "https://registry.npmjs.org/async-wait-until/-/async-wait-until-1.2.6.tgz"
  "version" "1.2.6"

"debug@^4.3.1", "debug@^4.3.3":
  "integrity" "sha512-PRWFHuSU3eDtQJPvnNY7Jcket1j0t5OuOsFzPPzsekD52Zl8qUfFIPEiswXqIvHWGVHOgX+7G/vCNNhehwxfkQ=="
  "resolved" "https://registry.npmjs.org/debug/-/debug-4.3.4.tgz"
  "version" "4.3.4"
  dependencies:
    "ms" "2.1.2"

"ms@2.1.2":
  "integrity" "sha512-sGkPx+VjMtmA6MX27oA4FBFELFCZZ4S4XqeGOXCv68tT+jb3vk/RyaKWP0PTKyWtmLSM0b+adUTEvbs1PEaH2w=="
  "resolved" "https://registry.npmjs.org/ms/-/ms-2.1.2.tgz"
  "version" "2.1.2"

"node-addon-api@^3.2.0":
  "integrity" "sha512-mmcei9JghVNDYydghQmeDX8KoAm0FAiYyIcUt/N4nhyAipB17pllZQDOJD2fotxABnt4Mdz+dKTO7eftLg4d0A=="
  "resolved" "https://registry.npmjs.org/node-addon-api/-/node-addon-api-3.2.1.tgz"
  "version" "3.2.1"

"node-addon-api@^4.2.0":
  "integrity" "sha512-73sE9+3UaLYYFmDsFZnqCInzPyh3MqIwZO9cw58yIqAZhONrrabrYyYe3TuIqtIiOuTXVhsGau8hcrhhwSsDIQ=="
  "resolved" "https://registry.npmjs.org/node-addon-api/-/node-addon-api-4.3.0.tgz"
  "version" "4.3.0"

"node-gyp-build@^4.3.0":
  "integrity" "sha512-2iGbaQBV+ITgCz76ZEjmhUKAKVf7xfY1sRl4UiKQspfZMH2h06SyhNsnSVy50cwkFQDGLyif6m/6uFXHkOZ6rg=="
  "resolved" "https://registry.npmjs.org/node-gyp-build/-/node-gyp-build-4.5.0.tgz"
  "version" "4.5.0"

"prettier@^2.5.1":
  "integrity" "sha512-ujppO+MkdPqoVINuDFDRLClm7D78qbDt0/NR+wp5FqEZOoTNAjPHWj17QRhu7geIHJfcNhRk1XVQmF8Bp3ye+g=="
  "resolved" "https://registry.npmjs.org/prettier/-/prettier-2.7.1.tgz"
  "version" "2.7.1"
